
Microsoft Visual Studio Solution File, Format Version 12.00
# Visual Studio Version 17
VisualStudioVersion = 17.9.34622.214
MinimumVisualStudioVersion = 10.0.40219.1
Project("{9A19103F-16F7-4668-BE54-9A1E7A4F7556}") = "HotelRoom.WebApi", "HotelRoomApp\HotelRoom.WebApi.csproj", "{6FB39CE7-28A0-42E9-A81B-9316F7ADA5F6}"
EndProject
Project("{9A19103F-16F7-4668-BE54-9A1E7A4F7556}") = "HotelRoom.Data", "Data\HotelRoom.Data.csproj", "{517F46FB-D1DB-4D65-A6D6-14F5C5FCF767}"
EndProject
Project("{9A19103F-16F7-4668-BE54-9A1E7A4F7556}") = "HotelRoom.Service", "HotelRoom.Service\HotelRoom.Service.csproj", "{C1EA026C-4F8E-454A-84EA-0D25D112212E}"
EndProject
Project("{FAE04EC0-301F-11D3-BF4B-00C04F79EFBC}") = "UnixTest", "UnixTest\UnixTest.csproj", "{60EA92A8-E677-4D3E-AFE9-078F9FE13BD4}"
EndProject
Global
	GlobalSection(SolutionConfigurationPlatforms) = preSolution
		Debug|Any CPU = Debug|Any CPU
		Release|Any CPU = Release|Any CPU
	EndGlobalSection
	GlobalSection(ProjectConfigurationPlatforms) = postSolution
		{6FB39CE7-28A0-42E9-A81B-9316F7ADA5F6}.Debug|Any CPU.ActiveCfg = Debug|Any CPU
		{6FB39CE7-28A0-42E9-A81B-9316F7ADA5F6}.Debug|Any CPU.Build.0 = Debug|Any CPU
		{6FB39CE7-28A0-42E9-A81B-9316F7ADA5F6}.Release|Any CPU.ActiveCfg = Release|Any CPU
		{6FB39CE7-28A0-42E9-A81B-9316F7ADA5F6}.Release|Any CPU.Build.0 = Release|Any CPU
		{517F46FB-D1DB-4D65-A6D6-14F5C5FCF767}.Debug|Any CPU.ActiveCfg = Debug|Any CPU
		{517F46FB-D1DB-4D65-A6D6-14F5C5FCF767}.Debug|Any CPU.Build.0 = Debug|Any CPU
		{517F46FB-D1DB-4D65-A6D6-14F5C5FCF767}.Release|Any CPU.ActiveCfg = Release|Any CPU
		{517F46FB-D1DB-4D65-A6D6-14F5C5FCF767}.Release|Any CPU.Build.0 = Release|Any CPU
		{C1EA026C-4F8E-454A-84EA-0D25D112212E}.Debug|Any CPU.ActiveCfg = Debug|Any CPU
		{C1EA026C-4F8E-454A-84EA-0D25D112212E}.Debug|Any CPU.Build.0 = Debug|Any CPU
		{C1EA026C-4F8E-454A-84EA-0D25D112212E}.Release|Any CPU.ActiveCfg = Release|Any CPU
		{C1EA026C-4F8E-454A-84EA-0D25D112212E}.Release|Any CPU.Build.0 = Release|Any CPU
		{60EA92A8-E677-4D3E-AFE9-078F9FE13BD4}.Debug|Any CPU.ActiveCfg = Debug|Any CPU
		{60EA92A8-E677-4D3E-AFE9-078F9FE13BD4}.Debug|Any CPU.Build.0 = Debug|Any CPU
		{60EA92A8-E677-4D3E-AFE9-078F9FE13BD4}.Release|Any CPU.ActiveCfg = Release|Any CPU
		{60EA92A8-E677-4D3E-AFE9-078F9FE13BD4}.Release|Any CPU.Build.0 = Release|Any CPU
	EndGlobalSection
	GlobalSection(SolutionProperties) = preSolution
		HideSolutionNode = FALSE
	EndGlobalSection
	GlobalSection(ExtensibilityGlobals) = postSolution
		SolutionGuid = {C19C6A1F-73E5-47EB-89C3-E06C3ECB042F}
	EndGlobalSection
EndGlobal
